
Microsoft Visual Studio Solution File, Format Version 12.00
# Visual Studio 2013
VisualStudioVersion = 12.0.40629.0
MinimumVisualStudioVersion = 10.0.40219.1
Project("{FAE04EC0-301F-11D3-BF4B-00C04F79EFBC}") = "FMS.Core.Entities", "FMS.Core.Entities\FMS.Core.Entities.csproj", "{65490711-2535-4E29-8098-16A5FD6758B2}"
EndProject
Project("{FAE04EC0-301F-11D3-BF4B-00C04F79EFBC}") = "FMS.Core.Service", "FMS.Core.Service\FMS.Core.Service.csproj", "{C58C6ADE-7736-4FCA-B135-72F7B8F339B5}"
EndProject
Project("{FAE04EC0-301F-11D3-BF4B-00C04F79EFBC}") = "FMS.Core.Service.Interfaces", "FMS.Core.Service.Interfaces\FMS.Core.Service.Interfaces.csproj", "{4891939F-6171-4D75-8176-26803A2BECB7}"
EndProject
Project("{FAE04EC0-301F-11D3-BF4B-00C04F79EFBC}") = "FrameWork", "FMS.FrameWork\FrameWork.csproj", "{63C4AA56-1200-443D-8B86-3A41CF08F35A}"
EndProject
Project("{2150E333-8FDC-42A3-9474-1A3956D46DE8}") = "Core", "Core", "{FA006E9B-C763-4CAE-8AEA-6EE9FDE9C28A}"
EndProject
Project("{2150E333-8FDC-42A3-9474-1A3956D46DE8}") = "Infrastructure", "Infrastructure", "{8FC832B7-229D-41C8-95C5-149783E92C9F}"
EndProject
Project("{2150E333-8FDC-42A3-9474-1A3956D46DE8}") = "App", "App", "{08C2FA7B-D03A-4E7A-88EF-4E79808AABF5}"
EndProject
Project("{FAE04EC0-301F-11D3-BF4B-00C04F79EFBC}") = "ATP2.FMS", "ATP2.FMS\ATP2.FMS.csproj", "{715C3417-0492-4DE4-9473-98C14E2A4E2E}"
EndProject
Project("{FAE04EC0-301F-11D3-BF4B-00C04F79EFBC}") = "FMS.Infrastructure", "FMS.Infrastructure\FMS.Infrastructure.csproj", "{19599FD5-A0C6-4D31-B577-EFD5555ED0B8}"
EndProject
Global
	GlobalSection(SolutionConfigurationPlatforms) = preSolution
		Debug|Any CPU = Debug|Any CPU
		Release|Any CPU = Release|Any CPU
	EndGlobalSection
	GlobalSection(ProjectConfigurationPlatforms) = postSolution
		{65490711-2535-4E29-8098-16A5FD6758B2}.Debug|Any CPU.ActiveCfg = Debug|Any CPU
		{65490711-2535-4E29-8098-16A5FD6758B2}.Debug|Any CPU.Build.0 = Debug|Any CPU
		{65490711-2535-4E29-8098-16A5FD6758B2}.Release|Any CPU.ActiveCfg = Release|Any CPU
		{65490711-2535-4E29-8098-16A5FD6758B2}.Release|Any CPU.Build.0 = Release|Any CPU
		{C58C6ADE-7736-4FCA-B135-72F7B8F339B5}.Debug|Any CPU.ActiveCfg = Debug|Any CPU
		{C58C6ADE-7736-4FCA-B135-72F7B8F339B5}.Debug|Any CPU.Build.0 = Debug|Any CPU
		{C58C6ADE-7736-4FCA-B135-72F7B8F339B5}.Release|Any CPU.ActiveCfg = Release|Any CPU
		{C58C6ADE-7736-4FCA-B135-72F7B8F339B5}.Release|Any CPU.Build.0 = Release|Any CPU
		{4891939F-6171-4D75-8176-26803A2BECB7}.Debug|Any CPU.ActiveCfg = Debug|Any CPU
		{4891939F-6171-4D75-8176-26803A2BECB7}.Debug|Any CPU.Build.0 = Debug|Any CPU
		{4891939F-6171-4D75-8176-26803A2BECB7}.Release|Any CPU.ActiveCfg = Release|Any CPU
		{4891939F-6171-4D75-8176-26803A2BECB7}.Release|Any CPU.Build.0 = Release|Any CPU
		{63C4AA56-1200-443D-8B86-3A41CF08F35A}.Debug|Any CPU.ActiveCfg = Debug|Any CPU
		{63C4AA56-1200-443D-8B86-3A41CF08F35A}.Debug|Any CPU.Build.0 = Debug|Any CPU
		{63C4AA56-1200-443D-8B86-3A41CF08F35A}.Release|Any CPU.ActiveCfg = Release|Any CPU
		{63C4AA56-1200-443D-8B86-3A41CF08F35A}.Release|Any CPU.Build.0 = Release|Any CPU
		{715C3417-0492-4DE4-9473-98C14E2A4E2E}.Debug|Any CPU.ActiveCfg = Debug|Any CPU
		{715C3417-0492-4DE4-9473-98C14E2A4E2E}.Debug|Any CPU.Build.0 = Debug|Any CPU
		{715C3417-0492-4DE4-9473-98C14E2A4E2E}.Release|Any CPU.ActiveCfg = Release|Any CPU
		{715C3417-0492-4DE4-9473-98C14E2A4E2E}.Release|Any CPU.Build.0 = Release|Any CPU
		{19599FD5-A0C6-4D31-B577-EFD5555ED0B8}.Debug|Any CPU.ActiveCfg = Debug|Any CPU
		{19599FD5-A0C6-4D31-B577-EFD5555ED0B8}.Debug|Any CPU.Build.0 = Debug|Any CPU
		{19599FD5-A0C6-4D31-B577-EFD5555ED0B8}.Release|Any CPU.ActiveCfg = Release|Any CPU
		{19599FD5-A0C6-4D31-B577-EFD5555ED0B8}.Release|Any CPU.Build.0 = Release|Any CPU
	EndGlobalSection
	GlobalSection(SolutionProperties) = preSolution
		HideSolutionNode = FALSE
	EndGlobalSection
	GlobalSection(NestedProjects) = preSolution
		{65490711-2535-4E29-8098-16A5FD6758B2} = {FA006E9B-C763-4CAE-8AEA-6EE9FDE9C28A}
		{C58C6ADE-7736-4FCA-B135-72F7B8F339B5} = {FA006E9B-C763-4CAE-8AEA-6EE9FDE9C28A}
		{4891939F-6171-4D75-8176-26803A2BECB7} = {FA006E9B-C763-4CAE-8AEA-6EE9FDE9C28A}
		{63C4AA56-1200-443D-8B86-3A41CF08F35A} = {8FC832B7-229D-41C8-95C5-149783E92C9F}
		{715C3417-0492-4DE4-9473-98C14E2A4E2E} = {08C2FA7B-D03A-4E7A-88EF-4E79808AABF5}
		{19599FD5-A0C6-4D31-B577-EFD5555ED0B8} = {8FC832B7-229D-41C8-95C5-149783E92C9F}
	EndGlobalSection
EndGlobal
